
Microsoft Visual Studio Solution File, Format Version 12.00
# Visual Studio Version 17
VisualStudioVersion = 17.1.32210.238
MinimumVisualStudioVersion = 10.0.40219.1
Project("{9A19103F-16F7-4668-BE54-9A1E7A4F7556}") = "001", "001\001.csproj", "{F9FC2C4C-0EE0-4DE6-B04D-6EA05AAA75F2}"
EndProject
Project("{9A19103F-16F7-4668-BE54-9A1E7A4F7556}") = "002", "002\002.csproj", "{C1D3B27A-E34E-47B2-B261-7DFDAA52629B}"
EndProject
Project("{9A19103F-16F7-4668-BE54-9A1E7A4F7556}") = "003", "003\003.csproj", "{29042572-54FE-45EF-B557-E414862BEE0E}"
EndProject
Project("{9A19103F-16F7-4668-BE54-9A1E7A4F7556}") = "004", "004\004.csproj", "{596998BE-196C-4887-92F8-EF43284C3243}"
EndProject
Project("{9A19103F-16F7-4668-BE54-9A1E7A4F7556}") = "005", "005\005.csproj", "{581FF94A-36EE-4692-9D0D-D587721E7A24}"
EndProject
Project("{9A19103F-16F7-4668-BE54-9A1E7A4F7556}") = "006", "006\006.csproj", "{E992C43B-0063-4BF1-AFE3-FE8B516B29E3}"
EndProject
Project("{9A19103F-16F7-4668-BE54-9A1E7A4F7556}") = "007", "007\007.csproj", "{FEC9ECF9-72B4-4E61-8460-0640B6EE15E7}"
EndProject
Project("{9A19103F-16F7-4668-BE54-9A1E7A4F7556}") = "008", "008\008.csproj", "{A5C80F62-4B7C-4AF0-9E46-B264C8FCF164}"
EndProject
Project("{9A19103F-16F7-4668-BE54-9A1E7A4F7556}") = "009", "009\009.csproj", "{C2D2F33D-436A-4868-8635-A4A010E11F60}"
EndProject
Project("{9A19103F-16F7-4668-BE54-9A1E7A4F7556}") = "010", "010\010.csproj", "{A8312F9D-FE52-465E-AC3C-CC1720FC9091}"
EndProject
Project("{FAE04EC0-301F-11D3-BF4B-00C04F79EFBC}") = "011", "011\011.csproj", "{0BCFB9D1-E1F7-4728-8B0B-6EF65160056F}"
EndProject
Project("{FAE04EC0-301F-11D3-BF4B-00C04F79EFBC}") = "012", "012\012.csproj", "{92E60ED3-B467-4A0E-9163-3270F60B6931}"
EndProject
Project("{FAE04EC0-301F-11D3-BF4B-00C04F79EFBC}") = "013", "013\013.csproj", "{D4092CF6-1858-4122-8618-88D7C49EAAE5}"
EndProject
Project("{FAE04EC0-301F-11D3-BF4B-00C04F79EFBC}") = "014", "014\014.csproj", "{698410CC-1A4C-485A-9033-6E61642BFE3B}"
EndProject
Project("{FAE04EC0-301F-11D3-BF4B-00C04F79EFBC}") = "015", "015\015.csproj", "{B2392107-F5DC-43D6-870F-AB878A14FB1C}"
EndProject
Global
	GlobalSection(SolutionConfigurationPlatforms) = preSolution
		Debug|Any CPU = Debug|Any CPU
		Release|Any CPU = Release|Any CPU
	EndGlobalSection
	GlobalSection(ProjectConfigurationPlatforms) = postSolution
		{F9FC2C4C-0EE0-4DE6-B04D-6EA05AAA75F2}.Debug|Any CPU.ActiveCfg = Debug|Any CPU
		{F9FC2C4C-0EE0-4DE6-B04D-6EA05AAA75F2}.Debug|Any CPU.Build.0 = Debug|Any CPU
		{F9FC2C4C-0EE0-4DE6-B04D-6EA05AAA75F2}.Release|Any CPU.ActiveCfg = Release|Any CPU
		{F9FC2C4C-0EE0-4DE6-B04D-6EA05AAA75F2}.Release|Any CPU.Build.0 = Release|Any CPU
		{C1D3B27A-E34E-47B2-B261-7DFDAA52629B}.Debug|Any CPU.ActiveCfg = Debug|Any CPU
		{C1D3B27A-E34E-47B2-B261-7DFDAA52629B}.Debug|Any CPU.Build.0 = Debug|Any CPU
		{C1D3B27A-E34E-47B2-B261-7DFDAA52629B}.Release|Any CPU.ActiveCfg = Release|Any CPU
		{C1D3B27A-E34E-47B2-B261-7DFDAA52629B}.Release|Any CPU.Build.0 = Release|Any CPU
		{29042572-54FE-45EF-B557-E414862BEE0E}.Debug|Any CPU.ActiveCfg = Debug|Any CPU
		{29042572-54FE-45EF-B557-E414862BEE0E}.Debug|Any CPU.Build.0 = Debug|Any CPU
		{29042572-54FE-45EF-B557-E414862BEE0E}.Release|Any CPU.ActiveCfg = Release|Any CPU
		{29042572-54FE-45EF-B557-E414862BEE0E}.Release|Any CPU.Build.0 = Release|Any CPU
		{596998BE-196C-4887-92F8-EF43284C3243}.Debug|Any CPU.ActiveCfg = Debug|Any CPU
		{596998BE-196C-4887-92F8-EF43284C3243}.Debug|Any CPU.Build.0 = Debug|Any CPU
		{596998BE-196C-4887-92F8-EF43284C3243}.Release|Any CPU.ActiveCfg = Release|Any CPU
		{596998BE-196C-4887-92F8-EF43284C3243}.Release|Any CPU.Build.0 = Release|Any CPU
		{581FF94A-36EE-4692-9D0D-D587721E7A24}.Debug|Any CPU.ActiveCfg = Debug|Any CPU
		{581FF94A-36EE-4692-9D0D-D587721E7A24}.Debug|Any CPU.Build.0 = Debug|Any CPU
		{581FF94A-36EE-4692-9D0D-D587721E7A24}.Release|Any CPU.ActiveCfg = Release|Any CPU
		{581FF94A-36EE-4692-9D0D-D587721E7A24}.Release|Any CPU.Build.0 = Release|Any CPU
		{E992C43B-0063-4BF1-AFE3-FE8B516B29E3}.Debug|Any CPU.ActiveCfg = Debug|Any CPU
		{E992C43B-0063-4BF1-AFE3-FE8B516B29E3}.Debug|Any CPU.Build.0 = Debug|Any CPU
		{E992C43B-0063-4BF1-AFE3-FE8B516B29E3}.Release|Any CPU.ActiveCfg = Release|Any CPU
		{E992C43B-0063-4BF1-AFE3-FE8B516B29E3}.Release|Any CPU.Build.0 = Release|Any CPU
		{FEC9ECF9-72B4-4E61-8460-0640B6EE15E7}.Debug|Any CPU.ActiveCfg = Debug|Any CPU
		{FEC9ECF9-72B4-4E61-8460-0640B6EE15E7}.Debug|Any CPU.Build.0 = Debug|Any CPU
		{FEC9ECF9-72B4-4E61-8460-0640B6EE15E7}.Release|Any CPU.ActiveCfg = Release|Any CPU
		{FEC9ECF9-72B4-4E61-8460-0640B6EE15E7}.Release|Any CPU.Build.0 = Release|Any CPU
		{A5C80F62-4B7C-4AF0-9E46-B264C8FCF164}.Debug|Any CPU.ActiveCfg = Debug|Any CPU
		{A5C80F62-4B7C-4AF0-9E46-B264C8FCF164}.Debug|Any CPU.Build.0 = Debug|Any CPU
		{A5C80F62-4B7C-4AF0-9E46-B264C8FCF164}.Release|Any CPU.ActiveCfg = Release|Any CPU
		{A5C80F62-4B7C-4AF0-9E46-B264C8FCF164}.Release|Any CPU.Build.0 = Release|Any CPU
		{C2D2F33D-436A-4868-8635-A4A010E11F60}.Debug|Any CPU.ActiveCfg = Debug|Any CPU
		{C2D2F33D-436A-4868-8635-A4A010E11F60}.Debug|Any CPU.Build.0 = Debug|Any CPU
		{C2D2F33D-436A-4868-8635-A4A010E11F60}.Release|Any CPU.ActiveCfg = Release|Any CPU
		{C2D2F33D-436A-4868-8635-A4A010E11F60}.Release|Any CPU.Build.0 = Release|Any CPU
		{A8312F9D-FE52-465E-AC3C-CC1720FC9091}.Debug|Any CPU.ActiveCfg = Debug|Any CPU
		{A8312F9D-FE52-465E-AC3C-CC1720FC9091}.Debug|Any CPU.Build.0 = Debug|Any CPU
		{A8312F9D-FE52-465E-AC3C-CC1720FC9091}.Release|Any CPU.ActiveCfg = Release|Any CPU
		{A8312F9D-FE52-465E-AC3C-CC1720FC9091}.Release|Any CPU.Build.0 = Release|Any CPU
		{0BCFB9D1-E1F7-4728-8B0B-6EF65160056F}.Debug|Any CPU.ActiveCfg = Debug|Any CPU
		{0BCFB9D1-E1F7-4728-8B0B-6EF65160056F}.Debug|Any CPU.Build.0 = Debug|Any CPU
		{0BCFB9D1-E1F7-4728-8B0B-6EF65160056F}.Release|Any CPU.ActiveCfg = Release|Any CPU
		{0BCFB9D1-E1F7-4728-8B0B-6EF65160056F}.Release|Any CPU.Build.0 = Release|Any CPU
		{92E60ED3-B467-4A0E-9163-3270F60B6931}.Debug|Any CPU.ActiveCfg = Debug|Any CPU
		{92E60ED3-B467-4A0E-9163-3270F60B6931}.Debug|Any CPU.Build.0 = Debug|Any CPU
		{92E60ED3-B467-4A0E-9163-3270F60B6931}.Release|Any CPU.ActiveCfg = Release|Any CPU
		{92E60ED3-B467-4A0E-9163-3270F60B6931}.Release|Any CPU.Build.0 = Release|Any CPU
		{D4092CF6-1858-4122-8618-88D7C49EAAE5}.Debug|Any CPU.ActiveCfg = Debug|Any CPU
		{D4092CF6-1858-4122-8618-88D7C49EAAE5}.Debug|Any CPU.Build.0 = Debug|Any CPU
		{D4092CF6-1858-4122-8618-88D7C49EAAE5}.Release|Any CPU.ActiveCfg = Release|Any CPU
		{D4092CF6-1858-4122-8618-88D7C49EAAE5}.Release|Any CPU.Build.0 = Release|Any CPU
		{698410CC-1A4C-485A-9033-6E61642BFE3B}.Debug|Any CPU.ActiveCfg = Debug|Any CPU
		{698410CC-1A4C-485A-9033-6E61642BFE3B}.Debug|Any CPU.Build.0 = Debug|Any CPU
		{698410CC-1A4C-485A-9033-6E61642BFE3B}.Release|Any CPU.ActiveCfg = Release|Any CPU
		{698410CC-1A4C-485A-9033-6E61642BFE3B}.Release|Any CPU.Build.0 = Release|Any CPU
		{B2392107-F5DC-43D6-870F-AB878A14FB1C}.Debug|Any CPU.ActiveCfg = Debug|Any CPU
		{B2392107-F5DC-43D6-870F-AB878A14FB1C}.Debug|Any CPU.Build.0 = Debug|Any CPU
		{B2392107-F5DC-43D6-870F-AB878A14FB1C}.Release|Any CPU.ActiveCfg = Release|Any CPU
		{B2392107-F5DC-43D6-870F-AB878A14FB1C}.Release|Any CPU.Build.0 = Release|Any CPU
	EndGlobalSection
	GlobalSection(SolutionProperties) = preSolution
		HideSolutionNode = FALSE
	EndGlobalSection
	GlobalSection(ExtensibilityGlobals) = postSolution
		SolutionGuid = {1F3E48CB-4667-459E-AAF9-AEB0FCC31E90}
	EndGlobalSection
EndGlobal
